
Microsoft Visual Studio Solution File, Format Version 12.00
# Visual Studio Version 17
VisualStudioVersion = 17.4.33122.133
MinimumVisualStudioVersion = 10.0.40219.1
Project("{FAE04EC0-301F-11D3-BF4B-00C04F79EFBC}") = "Liskov", "Liskov.csproj", "{F1CE7A13-C30C-4DCF-AC4E-4BFE365A0FEB}"
EndProject
Global
	GlobalSection(SolutionConfigurationPlatforms) = preSolution
		Debug|Any CPU = Debug|Any CPU
		Release|Any CPU = Release|Any CPU
	EndGlobalSection
	GlobalSection(ProjectConfigurationPlatforms) = postSolution
		{F1CE7A13-C30C-4DCF-AC4E-4BFE365A0FEB}.Debug|Any CPU.ActiveCfg = Debug|Any CPU
		{F1CE7A13-C30C-4DCF-AC4E-4BFE365A0FEB}.Debug|Any CPU.Build.0 = Debug|Any CPU
		{F1CE7A13-C30C-4DCF-AC4E-4BFE365A0FEB}.Release|Any CPU.ActiveCfg = Release|Any CPU
		{F1CE7A13-C30C-4DCF-AC4E-4BFE365A0FEB}.Release|Any CPU.Build.0 = Release|Any CPU
	EndGlobalSection
	GlobalSection(SolutionProperties) = preSolution
		HideSolutionNode = FALSE
	EndGlobalSection
	GlobalSection(ExtensibilityGlobals) = postSolution
		SolutionGuid = {371E711A-7DB4-459C-8660-71D725EE3C4D}
	EndGlobalSection
EndGlobal
