
Microsoft Visual Studio Solution File, Format Version 12.00
# Visual Studio Version 17
VisualStudioVersion = 17.4.33122.133
MinimumVisualStudioVersion = 10.0.40219.1
Project("{FAE04EC0-301F-11D3-BF4B-00C04F79EFBC}") = "DependencyInversion", "DependencyInversion.csproj", "{922B9877-47E5-4A12-87CA-3887D4D80AE5}"
EndProject
Global
	GlobalSection(SolutionConfigurationPlatforms) = preSolution
		Debug|Any CPU = Debug|Any CPU
		Release|Any CPU = Release|Any CPU
	EndGlobalSection
	GlobalSection(ProjectConfigurationPlatforms) = postSolution
		{922B9877-47E5-4A12-87CA-3887D4D80AE5}.Debug|Any CPU.ActiveCfg = Debug|Any CPU
		{922B9877-47E5-4A12-87CA-3887D4D80AE5}.Debug|Any CPU.Build.0 = Debug|Any CPU
		{922B9877-47E5-4A12-87CA-3887D4D80AE5}.Release|Any CPU.ActiveCfg = Release|Any CPU
		{922B9877-47E5-4A12-87CA-3887D4D80AE5}.Release|Any CPU.Build.0 = Release|Any CPU
	EndGlobalSection
	GlobalSection(SolutionProperties) = preSolution
		HideSolutionNode = FALSE
	EndGlobalSection
	GlobalSection(ExtensibilityGlobals) = postSolution
		SolutionGuid = {9004452C-621B-4BE6-A48D-695B132340B9}
	EndGlobalSection
EndGlobal
